# THIS IS AN AUTOGENERATED FILE. DO NOT EDIT THIS FILE DIRECTLY.
# yarn lockfile v1


hashids@^2.2.2:
  version "2.2.8"
  resolved "https://registry.yarnpkg.com/hashids/-/hashids-2.2.8.tgz#d1e4e1be48e711ad6e5f27b32c37c399d5eeb5b4"
  integrity sha512-OI6rsk/OqyX60nBsqxnNl3R7CDv9eMOgxzipshZwXE6cUcBcEyHf8rNDlWVdQJZK3TEynILYybCsNUEQfJsdLA==

js-base64@^3.5.2:
  version "3.6.0"
  resolved "https://registry.yarnpkg.com/js-base64/-/js-base64-3.6.0.tgz#773e1de628f4f298d65a7e9842c50244751f5756"
  integrity sha512-wVdUBYQeY2gY73RIlPrysvpYx+2vheGo8Y1SNQv/BzHToWpAZzJU7Z6uheKMAe+GLSBig5/Ps2nxg/8tRB73xg==

lodash@^4.17.20:
  version "4.17.21"
  resolved "https://registry.yarnpkg.com/lodash/-/lodash-4.17.21.tgz#679591c564c3bffaae8454cf0b3df370c3d6911c"
  integrity sha512-v2kDEe57lecTulaDIuNTPy3Ry4gLGJ6Z1O3vE1krgXZNrsQ+LFTGHVxVjcXPs17LhbZVGedAJv8XZ1tvj5FvSg==

rgbaster@^2.1.1:
  version "2.1.1"
  resolved "https://registry.yarnpkg.com/rgbaster/-/rgbaster-2.1.1.tgz#d83c0801ffd8887c0a96b0d2b756fc7e1fd68614"
  integrity sha512-vUQI+ldMMSGXEbWtqb/6aqLY1LHc33OtXg2Q9S0TCxzt2KxGncRJB6dk860KzhWTjms+Fz4wkxrJu8MlCrFpYg==

typescript@^3.9.7:
  version "3.9.9"
  resolved "https://registry.yarnpkg.com/typescript/-/typescript-3.9.9.tgz#e69905c54bc0681d0518bd4d587cc6f2d0b1a674"
  integrity sha512-kdMjTiekY+z/ubJCATUPlRDl39vXYiMV9iyeMuEuXZh2we6zz80uovNN2WlAxmmdE/Z/YQe+EbOEXB5RHEED3w==
