# THIS IS AN AUTOGENERATED FILE. DO NOT EDIT THIS FILE DIRECTLY.
# yarn lockfile v1


hashids@^2.2.2:
  version "2.2.2"
  resolved "https://npm-registry.yy.com/hashids/download/hashids-2.2.2.tgz#5381257b34f0d0aca2063967b14a30a9312f650d"
  integrity sha1-U4ElezTw0KyiBjlnsUowqTEvZQ0=

js-base64@^3.5.2:
  version "3.5.2"
  resolved "https://registry.yarnpkg.com/js-base64/-/js-base64-3.5.2.tgz#3cc800e4f10812b55fb5ec53e7cabaef35dc6d3c"
  integrity sha512-VG2qfvV5rEQIVxq9UmAVyWIaOdZGt9M16BLu8vFkyWyhv709Hyg4nKUb5T+Ru+HmAr9RHdF+kQDKAhbJlcdKeQ==

lodash@^4.17.20:
  version "4.17.20"
  resolved "https://npm-registry.yy.com/lodash/download/lodash-4.17.20.tgz#b44a9b6297bcb698f1c51a3545a2b3b368d59c52"
  integrity sha1-tEqbYpe8tpjxxRo1RaKzs2jVnFI=

rgbaster@^2.1.1:
  version "2.1.1"
  resolved "https://npm-registry.yy.com/rgbaster/download/rgbaster-2.1.1.tgz#d83c0801ffd8887c0a96b0d2b756fc7e1fd68614"
  integrity sha1-2DwIAf/YiHwKlrDSt1b8fh/WhhQ=

typescript@^3.9.7:
  version "3.9.7"
  resolved "https://npm-registry.yy.com/typescript/download/typescript-3.9.7.tgz#98d600a5ebdc38f40cb277522f12dc800e9e25fa"
  integrity sha1-mNYApevcOPQMsndSLxLcgA6eJfo=
