# THIS IS AN AUTOGENERATED FILE. DO NOT EDIT THIS FILE DIRECTLY.
# yarn lockfile v1


hashids@^2.2.2:
  version "2.2.8"
  resolved "http://npm-registry.duowan.com/hashids/download/hashids-2.2.8.tgz#d1e4e1be48e711ad6e5f27b32c37c399d5eeb5b4"
  integrity sha1-0eThvkjnEa1uXyezLDfDmdXutbQ=

js-base64@^3.5.2:
  version "3.6.0"
  resolved "http://npm-registry.duowan.com/js-base64/download/js-base64-3.6.0.tgz#773e1de628f4f298d65a7e9842c50244751f5756"
  integrity sha1-dz4d5ij08pjWWn6YQsUCRHUfV1Y=

lodash@^4.17.20:
  version "4.17.21"
  resolved "http://npm-registry.duowan.com/lodash/download/lodash-4.17.21.tgz#679591c564c3bffaae8454cf0b3df370c3d6911c"
  integrity sha1-Z5WRxWTDv/quhFTPCz3zcMPWkRw=

rgbaster@^2.1.1:
  version "2.1.1"
  resolved "http://npm-registry.duowan.com/rgbaster/download/rgbaster-2.1.1.tgz#d83c0801ffd8887c0a96b0d2b756fc7e1fd68614"
  integrity sha1-2DwIAf/YiHwKlrDSt1b8fh/WhhQ=
